
Microsoft Visual Studio Solution File, Format Version 9.00
# Visual Studio 2005
Project("{FAE04EC0-301F-11D3-BF4B-00C04F79EFBC}") = "SyntaxTool", "SyntaxTool\SyntaxTool.csproj", "{274E13C1-0D60-4398-8F2D-38EDE59B2A9A}"
EndProject
Global
	GlobalSection(SolutionConfigurationPlatforms) = preSolution
		Debug|Any CPU = Debug|Any CPU
		Release|Any CPU = Release|Any CPU
	EndGlobalSection
	GlobalSection(ProjectConfigurationPlatforms) = postSolution
		{274E13C1-0D60-4398-8F2D-38EDE59B2A9A}.Debug|Any CPU.ActiveCfg = Debug|Any CPU
		{274E13C1-0D60-4398-8F2D-38EDE59B2A9A}.Debug|Any CPU.Build.0 = Debug|Any CPU
		{274E13C1-0D60-4398-8F2D-38EDE59B2A9A}.Release|Any CPU.ActiveCfg = Release|Any CPU
		{274E13C1-0D60-4398-8F2D-38EDE59B2A9A}.Release|Any CPU.Build.0 = Release|Any CPU
	EndGlobalSection
	GlobalSection(SolutionProperties) = preSolution
		HideSolutionNode = FALSE
	EndGlobalSection
EndGlobal
